
Microsoft Visual Studio Solution File, Format Version 12.00
# Visual Studio Version 17
VisualStudioVersion = 17.10.34916.146
MinimumVisualStudioVersion = 10.0.40219.1
Project("{FAE04EC0-301F-11D3-BF4B-00C04F79EFBC}") = "Notes", "Notes.csproj", "{22D8175D-3474-4F3F-9433-E0C285456A28}"
EndProject
Global
	GlobalSection(SolutionConfigurationPlatforms) = preSolution
		Debug|Any CPU = Debug|Any CPU
		Release|Any CPU = Release|Any CPU
	EndGlobalSection
	GlobalSection(ProjectConfigurationPlatforms) = postSolution
		{22D8175D-3474-4F3F-9433-E0C285456A28}.Debug|Any CPU.ActiveCfg = Debug|Any CPU
		{22D8175D-3474-4F3F-9433-E0C285456A28}.Debug|Any CPU.Build.0 = Debug|Any CPU
		{22D8175D-3474-4F3F-9433-E0C285456A28}.Debug|Any CPU.Deploy.0 = Debug|Any CPU
		{22D8175D-3474-4F3F-9433-E0C285456A28}.Release|Any CPU.ActiveCfg = Release|Any CPU
		{22D8175D-3474-4F3F-9433-E0C285456A28}.Release|Any CPU.Build.0 = Release|Any CPU
		{22D8175D-3474-4F3F-9433-E0C285456A28}.Release|Any CPU.Deploy.0 = Release|Any CPU
	EndGlobalSection
	GlobalSection(SolutionProperties) = preSolution
		HideSolutionNode = FALSE
	EndGlobalSection
	GlobalSection(ExtensibilityGlobals) = postSolution
		SolutionGuid = {09B6B9E6-1804-4686-BB7D-41589F4D0C6B}
	EndGlobalSection
EndGlobal
